<Solution>
  <Folder Name="/src/">
    <Project Path="src/BarberHub.API/BarberHub.API.csproj" />
    <Project Path="src/BarberHub.Application/BarberHub.Application.csproj" />
    <Project Path="src/BarberHub.Domain/BarberHub.Domain.csproj" />
    <Project Path="src/BarberHub.Infrastructure/BarberHub.Infrastructure.csproj" />
  </Folder>
  <Folder Name="/tests/">
    <Project Path="tests/BarberHub.Tests/BarberHub.Tests.csproj" />
  </Folder>
</Solution>
